<?xml version="1.0" encoding="UTF-8"?>
<Scheme
   LastUpgradeVersion = "1620"
   version = "1.7">
   <BuildAction
      parallelizeBuildables = "YES"
      buildImplicitDependencies = "YES"
      buildArchitectures = "Automatic">
      <BuildActionEntries>
         <BuildActionEntry
            buildForTesting = "YES"
            buildForRunning = "YES"
            buildForProfiling = "YES"
            buildForArchiving = "YES"
            buildForAnalyzing = "YES">
            <BuildableReference
               BuildableIdentifier = "primary"
               BlueprintIdentifier = "432620B12DA56290009E7842"
               BuildableName = "&#x661f;&#x8f68;&#x5f39;&#x5c04;.app"
               BlueprintName = "&#x661f;&#x8f68;&#x5f39;&#x5c04;"
               ReferencedContainer = "container:&#x661f;&#x8f68;&#x5f39;&#x5c04;.xcodeproj">
            </BuildableReference>
         </BuildActionEntry>
      </BuildActionEntries>
   </BuildAction>
   <TestAction
      buildConfiguration = "Debug"
      selectedDebuggerIdentifier = "Xcode.DebuggerFoundation.Debugger.LLDB"
      selectedLauncherIdentifier = "Xcode.DebuggerFoundation.Launcher.LLDB"
      shouldUseLaunchSchemeArgsEnv = "YES"
      shouldAutocreateTestPlan = "YES">
      <Testables>
         <TestableReference
            skipped = "NO"
            parallelizable = "YES">
            <BuildableReference
               BuildableIdentifier = "primary"
               BlueprintIdentifier = "432620CA2DA56291009E7842"
               BuildableName = "game_twoTests.xctest"
               BlueprintName = "game_twoTests"
               ReferencedContainer = "container:&#x661f;&#x8f68;&#x5f39;&#x5c04;.xcodeproj">
            </BuildableReference>
         </TestableReference>
         <TestableReference
            skipped = "NO"
            parallelizable = "YES">
            <BuildableReference
               BuildableIdentifier = "primary"
               BlueprintIdentifier = "432620D42DA56291009E7842"
               BuildableName = "game_twoUITests.xctest"
               BlueprintName = "game_twoUITests"
               ReferencedContainer = "container:&#x661f;&#x8f68;&#x5f39;&#x5c04;.xcodeproj">
            </BuildableReference>
         </TestableReference>
      </Testables>
   </TestAction>
   <LaunchAction
      buildConfiguration = "Debug"
      selectedDebuggerIdentifier = "Xcode.DebuggerFoundation.Debugger.LLDB"
      selectedLauncherIdentifier = "Xcode.DebuggerFoundation.Launcher.LLDB"
      launchStyle = "0"
      useCustomWorkingDirectory = "NO"
      ignoresPersistentStateOnLaunch = "NO"
      debugDocumentVersioning = "YES"
      debugServiceExtension = "internal"
      allowLocationSimulation = "YES">
      <BuildableProductRunnable
         runnableDebuggingMode = "0">
         <BuildableReference
            BuildableIdentifier = "primary"
            BlueprintIdentifier = "432620B12DA56290009E7842"
            BuildableName = "&#x661f;&#x8f68;&#x5f39;&#x5c04;.app"
            BlueprintName = "&#x661f;&#x8f68;&#x5f39;&#x5c04;"
            ReferencedContainer = "container:&#x661f;&#x8f68;&#x5f39;&#x5c04;.xcodeproj">
         </BuildableReference>
      </BuildableProductRunnable>
   </LaunchAction>
   <ProfileAction
      buildConfiguration = "Release"
      shouldUseLaunchSchemeArgsEnv = "YES"
      savedToolIdentifier = ""
      useCustomWorkingDirectory = "NO"
      debugDocumentVersioning = "YES">
      <BuildableProductRunnable
         runnableDebuggingMode = "0">
         <BuildableReference
            BuildableIdentifier = "primary"
            BlueprintIdentifier = "432620B12DA56290009E7842"
            BuildableName = "&#x661f;&#x8f68;&#x5f39;&#x5c04;.app"
            BlueprintName = "&#x661f;&#x8f68;&#x5f39;&#x5c04;"
            ReferencedContainer = "container:&#x661f;&#x8f68;&#x5f39;&#x5c04;.xcodeproj">
         </BuildableReference>
      </BuildableProductRunnable>
   </ProfileAction>
   <AnalyzeAction
      buildConfiguration = "Debug">
   </AnalyzeAction>
   <ArchiveAction
      buildConfiguration = "Release"
      revealArchiveInOrganizer = "YES">
   </ArchiveAction>
</Scheme>
